<?xml version="1.0" encoding="utf-8"?>
<Project ToolsVersion="4.0" xmlns="http://schemas.microsoft.com/developer/msbuild/2003">
  <ItemGroup>
    <ClCompile Include="BaseState.cpp">
      <Filter>Source Files</Filter>
    </ClCompile>
    <ClCompile Include="Game.cpp">
      <Filter>Source Files</Filter>
    </ClCompile>
    <ClCompile Include="GameState.cpp">
      <Filter>Source Files</Filter>
    </ClCompile>
    <ClCompile Include="ImageLayer.cpp">
      <Filter>Source Files</Filter>
    </ClCompile>
    <ClCompile Include="Level.cpp">
      <Filter>Source Files</Filter>
    </ClCompile>
    <ClCompile Include="MenuState.cpp">
      <Filter>Source Files</Filter>
    </ClCompile>
    <ClCompile Include="ObjectManager.cpp">
      <Filter>Source Files</Filter>
    </ClCompile>
    <ClCompile Include="WRAPPERS\SGD_AudioManager.cpp">
      <Filter>Wrappers</Filter>
    </ClCompile>
    <ClCompile Include="WRAPPERS\SGD_Event.cpp">
      <Filter>Wrappers</Filter>
    </ClCompile>
    <ClCompile Include="WRAPPERS\SGD_EventManager.cpp">
      <Filter>Wrappers</Filter>
    </ClCompile>
    <ClCompile Include="WRAPPERS\SGD_Geometry.cpp">
      <Filter>Wrappers</Filter>
    </ClCompile>
    <ClCompile Include="WRAPPERS\SGD_GraphicsManager.cpp">
      <Filter>Wrappers</Filter>
    </ClCompile>
    <ClCompile Include="WRAPPERS\SGD_InputManager.cpp">
      <Filter>Wrappers</Filter>
    </ClCompile>
    <ClCompile Include="WRAPPERS\SGD_Listener.cpp">
      <Filter>Wrappers</Filter>
    </ClCompile>
    <ClCompile Include="WRAPPERS\SGD_Message.cpp">
      <Filter>Wrappers</Filter>
    </ClCompile>
    <ClCompile Include="WRAPPERS\SGD_MessageManager.cpp">
      <Filter>Wrappers</Filter>
    </ClCompile>
    <ClCompile Include="Tiles.cpp">
      <Filter>Source Files</Filter>
    </ClCompile>
    <ClCompile Include="TinyXML\tinystr.cpp">
      <Filter>TinyXML</Filter>
    </ClCompile>
    <ClCompile Include="TinyXML\tinyxml.cpp">
      <Filter>TinyXML</Filter>
    </ClCompile>
    <ClCompile Include="TinyXML\tinyxmlerror.cpp">
      <Filter>TinyXML</Filter>
    </ClCompile>
    <ClCompile Include="TinyXML\tinyxmlparser.cpp">
      <Filter>TinyXML</Filter>
    </ClCompile>
    <ClCompile Include="WinMain.cpp">
      <Filter>Source Files</Filter>
    </ClCompile>
    <ClCompile Include="BitmapFont.cpp" />
    <ClCompile Include="Player.cpp">
      <Filter>Source Files</Filter>
    </ClCompile>
    <ClCompile Include="Object.cpp">
      <Filter>Source Files</Filter>
    </ClCompile>
    <ClCompile Include="DeathTouch.cpp">
      <Filter>Source Files</Filter>
    </ClCompile>
    <ClCompile Include="SolidWall.cpp">
      <Filter>Source Files</Filter>
    </ClCompile>
    <ClCompile Include="Object.cpp" />
    <ClCompile Include="Spring.cpp" />
    <ClCompile Include="Data.cpp" />
    <ClCompile Include="Object.cpp" />
    <ClCompile Include="FallingPlatform.cpp" />
    <ClCompile Include="Object.cpp" />
    <ClCompile Include="WalkThrough.cpp" />
    <ClCompile Include="Object.cpp" />
    <ClCompile Include="Key.cpp" />
    <ClCompile Include="Object.cpp" />
  </ItemGroup>
  <ItemGroup>
    <ClInclude Include="BaseState.h">
      <Filter>Header Files</Filter>
    </ClInclude>
    <ClInclude Include="Game.h">
      <Filter>Header Files</Filter>
    </ClInclude>
    <ClInclude Include="GameState.h">
      <Filter>Header Files</Filter>
    </ClInclude>
    <ClInclude Include="ImageLayer.h">
      <Filter>Header Files</Filter>
    </ClInclude>
    <ClInclude Include="Level.h">
      <Filter>Header Files</Filter>
    </ClInclude>
    <ClInclude Include="MenuState.h">
      <Filter>Header Files</Filter>
    </ClInclude>
    <ClInclude Include="ObjectManager.h">
      <Filter>Header Files</Filter>
    </ClInclude>
    <ClInclude Include="WRAPPERS\SGD_String.h">
      <Filter>Wrappers</Filter>
    </ClInclude>
    <ClInclude Include="WRAPPERS\SGD_AudioManager.h">
      <Filter>Wrappers</Filter>
    </ClInclude>
    <ClInclude Include="WRAPPERS\SGD_Color.h">
      <Filter>Wrappers</Filter>
    </ClInclude>
    <ClInclude Include="WRAPPERS\SGD_Declarations.h">
      <Filter>Wrappers</Filter>
    </ClInclude>
    <ClInclude Include="WRAPPERS\SGD_Event.h">
      <Filter>Wrappers</Filter>
    </ClInclude>
    <ClInclude Include="WRAPPERS\SGD_EventManager.h">
      <Filter>Wrappers</Filter>
    </ClInclude>
    <ClInclude Include="WRAPPERS\SGD_Geometry.h">
      <Filter>Wrappers</Filter>
    </ClInclude>
    <ClInclude Include="WRAPPERS\SGD_GraphicsManager.h">
      <Filter>Wrappers</Filter>
    </ClInclude>
    <ClInclude Include="WRAPPERS\SGD_Handle.h">
      <Filter>Wrappers</Filter>
    </ClInclude>
    <ClInclude Include="WRAPPERS\SGD_HandleManager.h">
      <Filter>Wrappers</Filter>
    </ClInclude>
    <ClInclude Include="WRAPPERS\SGD_HandleManager.hpp">
      <Filter>Wrappers</Filter>
    </ClInclude>
    <ClInclude Include="WRAPPERS\SGD_InputManager.h">
      <Filter>Wrappers</Filter>
    </ClInclude>
    <ClInclude Include="WRAPPERS\SGD_Key.h">
      <Filter>Wrappers</Filter>
    </ClInclude>
    <ClInclude Include="WRAPPERS\SGD_Listener.h">
      <Filter>Wrappers</Filter>
    </ClInclude>
    <ClInclude Include="WRAPPERS\SGD_Message.h">
      <Filter>Wrappers</Filter>
    </ClInclude>
    <ClInclude Include="WRAPPERS\SGD_MessageManager.h">
      <Filter>Wrappers</Filter>
    </ClInclude>
    <ClInclude Include="TinyXML\tinystr.h">
      <Filter>TinyXML</Filter>
    </ClInclude>
    <ClInclude Include="TinyXML\tinyxml.h">
      <Filter>TinyXML</Filter>
    </ClInclude>
    <ClInclude Include="Tiles.h">
      <Filter>Header Files</Filter>
    </ClInclude>
    <ClInclude Include="BitmapFont.h" />
    <ClInclude Include="Player.h">
      <Filter>Header Files</Filter>
    </ClInclude>
    <ClInclude Include="Object.h">
      <Filter>Header Files</Filter>
    </ClInclude>
    <ClInclude Include="DeathTouch.h">
      <Filter>Header Files</Filter>
    </ClInclude>
    <ClInclude Include="SolidWall.h">
      <Filter>Header Files</Filter>
    </ClInclude>
    <ClInclude Include="Object.h" />
    <ClInclude Include="Spring.h" />
    <ClInclude Include="Data.h" />
    <ClInclude Include="Object.h" />
    <ClInclude Include="FallingPlatform.h" />
    <ClInclude Include="Object.h" />
    <ClInclude Include="WalkThrough.h" />
    <ClInclude Include="Object.h" />
    <ClInclude Include="Key.h" />
    <ClInclude Include="Object.h" />
  </ItemGroup>
  <ItemGroup>
    <Filter Include="Header Files">
      <UniqueIdentifier>{7ed43cd0-6512-40ad-accd-ade0933ecfe0}</UniqueIdentifier>
    </Filter>
    <Filter Include="Source Files">
      <UniqueIdentifier>{65881a9c-bf60-4fb1-8a24-5c2070cb61a7}</UniqueIdentifier>
    </Filter>
    <Filter Include="TinyXML">
      <UniqueIdentifier>{30fb471b-a292-4b2f-89bc-0a52d8f31f3d}</UniqueIdentifier>
    </Filter>
    <Filter Include="Wrappers">
      <UniqueIdentifier>{11a93a6d-0cd0-4a25-8949-17a7f504a76b}</UniqueIdentifier>
    </Filter>
  </ItemGroup>
</Project>